
Microsoft Visual Studio Solution File, Format Version 12.00
# Visual Studio Version 17
VisualStudioVersion = 17.4.33213.308
MinimumVisualStudioVersion = 10.0.40219.1
Project("{9A19103F-16F7-4668-BE54-9A1E7A4F7556}") = "IdentityOAuthServer", "IdentityOAuthServer.csproj", "{06960935-AD3C-47E5-AD01-365252BF51D7}"
EndProject
Project("{9A19103F-16F7-4668-BE54-9A1E7A4F7556}") = "ConsumeServerApp", "..\ConsumeServerApp\ConsumeServerApp.csproj", "{61B62F1A-E295-4C9A-9DBA-711966018B9B}"
EndProject
Project("{FAE04EC0-301F-11D3-BF4B-00C04F79EFBC}") = "JavaScriptClient", "..\JavaScriptClient\JavaScriptClient.csproj", "{D2F101C1-78DF-4A07-918A-0D80FF74E614}"
EndProject
Global
	GlobalSection(SolutionConfigurationPlatforms) = preSolution
		Debug|Any CPU = Debug|Any CPU
		Release|Any CPU = Release|Any CPU
	EndGlobalSection
	GlobalSection(ProjectConfigurationPlatforms) = postSolution
		{06960935-AD3C-47E5-AD01-365252BF51D7}.Debug|Any CPU.ActiveCfg = Debug|Any CPU
		{06960935-AD3C-47E5-AD01-365252BF51D7}.Debug|Any CPU.Build.0 = Debug|Any CPU
		{06960935-AD3C-47E5-AD01-365252BF51D7}.Release|Any CPU.ActiveCfg = Release|Any CPU
		{06960935-AD3C-47E5-AD01-365252BF51D7}.Release|Any CPU.Build.0 = Release|Any CPU
		{61B62F1A-E295-4C9A-9DBA-711966018B9B}.Debug|Any CPU.ActiveCfg = Debug|Any CPU
		{61B62F1A-E295-4C9A-9DBA-711966018B9B}.Debug|Any CPU.Build.0 = Debug|Any CPU
		{61B62F1A-E295-4C9A-9DBA-711966018B9B}.Release|Any CPU.ActiveCfg = Release|Any CPU
		{61B62F1A-E295-4C9A-9DBA-711966018B9B}.Release|Any CPU.Build.0 = Release|Any CPU
		{D2F101C1-78DF-4A07-918A-0D80FF74E614}.Debug|Any CPU.ActiveCfg = Debug|Any CPU
		{D2F101C1-78DF-4A07-918A-0D80FF74E614}.Debug|Any CPU.Build.0 = Debug|Any CPU
		{D2F101C1-78DF-4A07-918A-0D80FF74E614}.Release|Any CPU.ActiveCfg = Release|Any CPU
		{D2F101C1-78DF-4A07-918A-0D80FF74E614}.Release|Any CPU.Build.0 = Release|Any CPU
	EndGlobalSection
	GlobalSection(SolutionProperties) = preSolution
		HideSolutionNode = FALSE
	EndGlobalSection
	GlobalSection(ExtensibilityGlobals) = postSolution
		SolutionGuid = {2C0CE5BD-2F17-4A62-8EF5-F8BD071D5B81}
	EndGlobalSection
EndGlobal
